
Microsoft Visual Studio Solution File, Format Version 12.00
# Visual Studio Version 17
VisualStudioVersion = 17.10.35122.118
MinimumVisualStudioVersion = 10.0.40219.1
Project("{FAE04EC0-301F-11D3-BF4B-00C04F79EFBC}") = "FinalProject", "FinalProject\FinalProject.csproj", "{8316897C-9877-4516-9B0B-AD86CF9A18EE}"
EndProject
Project("{FAE04EC0-301F-11D3-BF4B-00C04F79EFBC}") = "BL", "BL\BL.csproj", "{5C270670-E470-410E-B712-5767EBE861B1}"
EndProject
Project("{FAE04EC0-301F-11D3-BF4B-00C04F79EFBC}") = "DAL", "DAL\DAL.csproj", "{AB69D827-16A8-46C3-B6E1-44EBAB3D79D6}"
EndProject
Global
	GlobalSection(SolutionConfigurationPlatforms) = preSolution
		Debug|Any CPU = Debug|Any CPU
		Release|Any CPU = Release|Any CPU
	EndGlobalSection
	GlobalSection(ProjectConfigurationPlatforms) = postSolution
		{8316897C-9877-4516-9B0B-AD86CF9A18EE}.Debug|Any CPU.ActiveCfg = Debug|Any CPU
		{8316897C-9877-4516-9B0B-AD86CF9A18EE}.Debug|Any CPU.Build.0 = Debug|Any CPU
		{8316897C-9877-4516-9B0B-AD86CF9A18EE}.Release|Any CPU.ActiveCfg = Release|Any CPU
		{8316897C-9877-4516-9B0B-AD86CF9A18EE}.Release|Any CPU.Build.0 = Release|Any CPU
		{5C270670-E470-410E-B712-5767EBE861B1}.Debug|Any CPU.ActiveCfg = Debug|Any CPU
		{5C270670-E470-410E-B712-5767EBE861B1}.Debug|Any CPU.Build.0 = Debug|Any CPU
		{5C270670-E470-410E-B712-5767EBE861B1}.Release|Any CPU.ActiveCfg = Release|Any CPU
		{5C270670-E470-410E-B712-5767EBE861B1}.Release|Any CPU.Build.0 = Release|Any CPU
		{AB69D827-16A8-46C3-B6E1-44EBAB3D79D6}.Debug|Any CPU.ActiveCfg = Debug|Any CPU
		{AB69D827-16A8-46C3-B6E1-44EBAB3D79D6}.Debug|Any CPU.Build.0 = Debug|Any CPU
		{AB69D827-16A8-46C3-B6E1-44EBAB3D79D6}.Release|Any CPU.ActiveCfg = Release|Any CPU
		{AB69D827-16A8-46C3-B6E1-44EBAB3D79D6}.Release|Any CPU.Build.0 = Release|Any CPU
	EndGlobalSection
	GlobalSection(SolutionProperties) = preSolution
		HideSolutionNode = FALSE
	EndGlobalSection
	GlobalSection(ExtensibilityGlobals) = postSolution
		SolutionGuid = {22B5A29D-2158-40D2-955A-7053F1FF5AD3}
	EndGlobalSection
EndGlobal
